
Microsoft Visual Studio Solution File, Format Version 11.00
# Visual Web Developer Express 2010
Project("{FAE04EC0-301F-11D3-BF4B-00C04F79EFBC}") = "Bot", "Bot.csproj", "{47CA0783-4EC9-467E-92A2-B2C4577B8194}"
EndProject
Global
	GlobalSection(SolutionConfigurationPlatforms) = preSolution
		Debug|Any CPU = Debug|Any CPU
		Release|Any CPU = Release|Any CPU
	EndGlobalSection
	GlobalSection(ProjectConfigurationPlatforms) = postSolution
		{47CA0783-4EC9-467E-92A2-B2C4577B8194}.Debug|Any CPU.ActiveCfg = Debug|Any CPU
		{47CA0783-4EC9-467E-92A2-B2C4577B8194}.Debug|Any CPU.Build.0 = Debug|Any CPU
		{47CA0783-4EC9-467E-92A2-B2C4577B8194}.Release|Any CPU.ActiveCfg = Release|Any CPU
		{47CA0783-4EC9-467E-92A2-B2C4577B8194}.Release|Any CPU.Build.0 = Release|Any CPU
	EndGlobalSection
	GlobalSection(SolutionProperties) = preSolution
		HideSolutionNode = FALSE
	EndGlobalSection
EndGlobal
